
Microsoft Visual Studio Solution File, Format Version 12.00
# Visual Studio Version 17
VisualStudioVersion = 17.8.34330.188
MinimumVisualStudioVersion = 10.0.40219.1
Project("{FAE04EC0-301F-11D3-BF4B-00C04F79EFBC}") = "ATM", "ATM\ATM.csproj", "{CEECC340-2F59-4E77-8AEA-F4D1355D013C}"
EndProject
Global
	GlobalSection(SolutionConfigurationPlatforms) = preSolution
		Debug|Any CPU = Debug|Any CPU
		Release|Any CPU = Release|Any CPU
	EndGlobalSection
	GlobalSection(ProjectConfigurationPlatforms) = postSolution
		{CEECC340-2F59-4E77-8AEA-F4D1355D013C}.Debug|Any CPU.ActiveCfg = Debug|Any CPU
		{CEECC340-2F59-4E77-8AEA-F4D1355D013C}.Debug|Any CPU.Build.0 = Debug|Any CPU
		{CEECC340-2F59-4E77-8AEA-F4D1355D013C}.Release|Any CPU.ActiveCfg = Release|Any CPU
		{CEECC340-2F59-4E77-8AEA-F4D1355D013C}.Release|Any CPU.Build.0 = Release|Any CPU
	EndGlobalSection
	GlobalSection(SolutionProperties) = preSolution
		HideSolutionNode = FALSE
	EndGlobalSection
	GlobalSection(ExtensibilityGlobals) = postSolution
		SolutionGuid = {AF95DDC3-3D94-4DF2-8CB8-BAC626C21785}
	EndGlobalSection
EndGlobal
